
Microsoft Visual Studio Solution File, Format Version 12.00
# Visual Studio Version 17
VisualStudioVersion = 17.8.34330.188
MinimumVisualStudioVersion = 10.0.40219.1
Project("{FAE04EC0-301F-11D3-BF4B-00C04F79EFBC}") = "WpfApp8", "WpfApp8\WpfApp8.csproj", "{1DCFD9A7-5C44-4F24-8583-A1214BE1152D}"
EndProject
Global
	GlobalSection(SolutionConfigurationPlatforms) = preSolution
		Debug|Any CPU = Debug|Any CPU
		Release|Any CPU = Release|Any CPU
	EndGlobalSection
	GlobalSection(ProjectConfigurationPlatforms) = postSolution
		{1DCFD9A7-5C44-4F24-8583-A1214BE1152D}.Debug|Any CPU.ActiveCfg = Debug|Any CPU
		{1DCFD9A7-5C44-4F24-8583-A1214BE1152D}.Debug|Any CPU.Build.0 = Debug|Any CPU
		{1DCFD9A7-5C44-4F24-8583-A1214BE1152D}.Release|Any CPU.ActiveCfg = Release|Any CPU
		{1DCFD9A7-5C44-4F24-8583-A1214BE1152D}.Release|Any CPU.Build.0 = Release|Any CPU
	EndGlobalSection
	GlobalSection(SolutionProperties) = preSolution
		HideSolutionNode = FALSE
	EndGlobalSection
	GlobalSection(ExtensibilityGlobals) = postSolution
		SolutionGuid = {6A5175F7-4D25-4DAB-8C9B-A5E74A1CAF7A}
	EndGlobalSection
EndGlobal
